PODS:
  - Crashlytics (3.6.0):
    - Fabric (~> 1.6.3)
  - Fabric (1.6.4)
  - FMDB (2.6):
    - FMDB/standard
  - FMDB/standard (2.6)
  - FMDBMigrationManager (1.4.1):
    - FMDBMigrationManager/System
  - FMDBMigrationManager/System (1.4.1):
    - FMDB/standard (>= 2.3)
  - ISO8601DateFormatterValueTransformer (0.6.1):
    - RKValueTransformers (~> 1.1.0)
  - RestKit/ObjectMapping (0.26.0):
    - ISO8601DateFormatterValueTransformer (~> 0.6.1)
    - RestKit/Support
    - RKValueTransformers (~> 1.1.0)
  - RestKit/Support (0.26.0):
    - TransitionKit (~> 2.2)
  - RKValueTransformers (1.1.2)
  - TransitionKit (2.2.1)
  - Typhoon (3.4.5):
    - Typhoon/no-arc
  - Typhoon/no-arc (3.4.5)

DEPENDENCIES:
  - Crashlytics
  - Fabric
  - FMDB
  - FMDBMigrationManager
  - RestKit/ObjectMapping
  - Typhoon

SPEC CHECKSUMS:
  Crashlytics: e4e8d02914f2608fbc7bf42b1a7af838b0db67a2
  Fabric: ed41fd62173c6bdea24ab02c9d7707161eabb750
  FMDB: c1968bab3ab0aed38f66cb778ae1e7fa9a652b6e
  FMDBMigrationManager: d52007f328ea0665e8985ca8a33500707aef084f
  ISO8601DateFormatterValueTransformer: 52da467d6ec899d6aedda8e48280ac92e8ee97e6
  RestKit: 112fba5bd1f97598aac0db7981863d5fdc0263a2
  RKValueTransformers: 66ac5e4f077fdbe3496e792d89eeff4c3eb67701
  TransitionKit: 9ceccda4cd0cdc0a05ef85eb235e5a3292c3c250
  Typhoon: 200100687af3233ec5ed019064df3c9ffe350475

COCOAPODS: 0.34.4
